
Microsoft Visual Studio Solution File, Format Version 12.00
# Visual Studio 15
VisualStudioVersion = 15.0.26730.15
MinimumVisualStudioVersion = 10.0.40219.1
Project("{888888A0-9F3D-457C-B088-3A5042F75D52}") = "AI_lab4_DecisionTree", "AI_lab4_DecisionTree\AI_lab4_DecisionTree.pyproj", "{0F6B8F01-1BC9-444C-8DCC-CFF2FE666DA3}"
EndProject
Global
	GlobalSection(SolutionConfigurationPlatforms) = preSolution
		Debug|Any CPU = Debug|Any CPU
		Release|Any CPU = Release|Any CPU
	EndGlobalSection
	GlobalSection(ProjectConfigurationPlatforms) = postSolution
		{0F6B8F01-1BC9-444C-8DCC-CFF2FE666DA3}.Debug|Any CPU.ActiveCfg = Debug|Any CPU
		{0F6B8F01-1BC9-444C-8DCC-CFF2FE666DA3}.Release|Any CPU.ActiveCfg = Release|Any CPU
	EndGlobalSection
	GlobalSection(SolutionProperties) = preSolution
		HideSolutionNode = FALSE
	EndGlobalSection
	GlobalSection(ExtensibilityGlobals) = postSolution
		SolutionGuid = {EF454125-9F2E-44E6-AD44-27066DC90CBD}
	EndGlobalSection
EndGlobal
