
Microsoft Visual Studio Solution File, Format Version 12.00
# Visual Studio 15
VisualStudioVersion = 15.0.26730.15
MinimumVisualStudioVersion = 10.0.40219.1
Project("{888888A0-9F3D-457C-B088-3A5042F75D52}") = "AI_lab2", "AI_lab2\AI_lab2.pyproj", "{36613C74-9AD5-43ED-82CB-B1C880FB367A}"
EndProject
Global
	GlobalSection(SolutionConfigurationPlatforms) = preSolution
		Debug|Any CPU = Debug|Any CPU
		Release|Any CPU = Release|Any CPU
	EndGlobalSection
	GlobalSection(ProjectConfigurationPlatforms) = postSolution
		{36613C74-9AD5-43ED-82CB-B1C880FB367A}.Debug|Any CPU.ActiveCfg = Debug|Any CPU
		{36613C74-9AD5-43ED-82CB-B1C880FB367A}.Release|Any CPU.ActiveCfg = Release|Any CPU
	EndGlobalSection
	GlobalSection(SolutionProperties) = preSolution
		HideSolutionNode = FALSE
	EndGlobalSection
	GlobalSection(ExtensibilityGlobals) = postSolution
		SolutionGuid = {A0AB9815-2206-4A4B-912E-B50143D5E59D}
	EndGlobalSection
EndGlobal
